
Microsoft Visual Studio Solution File, Format Version 12.00
# Visual Studio Version 16
VisualStudioVersion = 16.0.31702.278
MinimumVisualStudioVersion = 10.0.40219.1
Project("{FAE04EC0-301F-11D3-BF4B-00C04F79EFBC}") = "MDremo_MPateman_WP_A03", "MDremo_MPateman_WP_A03\MDremo_MPateman_WP_A03.csproj", "{5E6D6DDA-DC02-458B-B601-EAF52815223D}"
EndProject
Global
	GlobalSection(SolutionConfigurationPlatforms) = preSolution
		Debug|Any CPU = Debug|Any CPU
		Release|Any CPU = Release|Any CPU
	EndGlobalSection
	GlobalSection(ProjectConfigurationPlatforms) = postSolution
		{5E6D6DDA-DC02-458B-B601-EAF52815223D}.Debug|Any CPU.ActiveCfg = Debug|Any CPU
		{5E6D6DDA-DC02-458B-B601-EAF52815223D}.Debug|Any CPU.Build.0 = Debug|Any CPU
		{5E6D6DDA-DC02-458B-B601-EAF52815223D}.Release|Any CPU.ActiveCfg = Release|Any CPU
		{5E6D6DDA-DC02-458B-B601-EAF52815223D}.Release|Any CPU.Build.0 = Release|Any CPU
	EndGlobalSection
	GlobalSection(SolutionProperties) = preSolution
		HideSolutionNode = FALSE
	EndGlobalSection
	GlobalSection(ExtensibilityGlobals) = postSolution
		SolutionGuid = {475E897B-9DE3-417B-858C-74F034C1F176}
	EndGlobalSection
EndGlobal
